// !$*UTF8*$!
{
	archiveVersion = 1;
	classes = {
	};
	objectVersion = 50;
	objects = {

/* Begin PBXBuildFile section */
		34A6B17921DA1F8B0083D97E /* AppDelegate.swift in Sources */ = {isa = PBXBuildFile; fileRef = 34A6B17821DA1F8B0083D97E /* AppDelegate.swift */; };
		34A6B17B21DA1F8B0083D97E /* art.scnassets in Resources */ = {isa = PBXBuildFile; fileRef = 34A6B17A21DA1F8B0083D97E /* art.scnassets */; };
		34A6B17D21DA1F8B0083D97E /* ViewController.swift in Sources */ = {isa = PBXBuildFile; fileRef = 34A6B17C21DA1F8B0083D97E /* ViewController.swift */; };
		34A6B18021DA1F8B0083D97E /* Main.storyboard in Resources */ = {isa = PBXBuildFile; fileRef = 34A6B17E21DA1F8B0083D97E /* Main.storyboard */; };
		34A6B18221DA1F8D0083D97E /* Assets.xcassets in Resources */ = {isa = PBXBuildFile; fileRef = 34A6B18121DA1F8D0083D97E /* Assets.xcassets */; };
		34A6B18521DA1F8D0083D97E /* LaunchScreen.storyboard in Resources */ = {isa = PBXBuildFile; fileRef = 34A6B18321DA1F8D0083D97E /* LaunchScreen.storyboard */; };
		34A6B19021DA1F8D0083D97E /* AR_BBallTests.swift in Sources */ = {isa = PBXBuildFile; fileRef = 34A6B18F21DA1F8D0083D97E /* AR_BBallTests.swift */; };
		34A6B19B21DA1F8D0083D97E /* AR_BBallUITests.swift in Sources */ = {isa = PBXBuildFile; fileRef = 34A6B19A21DA1F8D0083D97E /* AR_BBallUITests.swift */; };
		34A6B1A921DA26190083D97E /* AddGameObjects.swift in Sources */ = {isa = PBXBuildFile; fileRef = 34A6B1A821DA26190083D97E /* AddGameObjects.swift */; };
/* End PBXBuildFile section */

/* Begin PBXContainerItemProxy section */
		34A6B18C21DA1F8D0083D97E /* PBXContainerItemProxy */ = {
			isa = PBXContainerItemProxy;
			containerPortal = 34A6B16D21DA1F8B0083D97E /* Project object */;
			proxyType = 1;
			remoteGlobalIDString = 34A6B17421DA1F8B0083D97E;
			remoteInfo = "AR BBall";
		};
		34A6B19721DA1F8D0083D97E /* PBXContainerItemProxy */ = {
			isa = PBXContainerItemProxy;
			containerPortal = 34A6B16D21DA1F8B0083D97E /* Project object */;
			proxyType = 1;
			remoteGlobalIDString = 34A6B17421DA1F8B0083D97E;
			remoteInfo = "AR BBall";
		};
/* End PBXContainerItemProxy section */

/* Begin PBXFileReference section */
		34A6B17521DA1F8B0083D97E /* AR BBall.app */ = {isa = PBXFileReference; explicitFileType = wrapper.application; includeInIndex = 0; path = "AR BBall.app"; sourceTree = BUILT_PRODUCTS_DIR; };
		34A6B17821DA1F8B0083D97E /* AppDelegate.swift */ = {isa = PBXFileReference; lastKnownFileType = sourcecode.swift; path = AppDelegate.swift; sourceTree = "<group>"; };
		34A6B17A21DA1F8B0083D97E /* art.scnassets */ = {isa = PBXFileReference; lastKnownFileType = wrapper.scnassets; path = art.scnassets; sourceTree = "<group>"; };
		34A6B17C21DA1F8B0083D97E /* ViewController.swift */ = {isa = PBXFileReference; lastKnownFileType = sourcecode.swift; path = ViewController.swift; sourceTree = "<group>"; };
		34A6B17F21DA1F8B0083D97E /* Base */ = {isa = PBXFileReference; lastKnownFileType = file.storyboard; name = Base; path = Base.lproj/Main.storyboard; sourceTree = "<group>"; };
		34A6B18121DA1F8D0083D97E /* Assets.xcassets */ = {isa = PBXFileReference; lastKnownFileType = folder.assetcatalog; path = Assets.xcassets; sourceTree = "<group>"; };
		34A6B18421DA1F8D0083D97E /* Base */ = {isa = PBXFileReference; lastKnownFileType = file.storyboard; name = Base; path = Base.lproj/LaunchScreen.storyboard; sourceTree = "<group>"; };
		34A6B18621DA1F8D0083D97E /* Info.plist */ = {isa = PBXFileReference; lastKnownFileType = text.plist.xml; path = Info.plist; sourceTree = "<group>"; };
		34A6B18B21DA1F8D0083D97E /* AR BBallTests.xctest */ = {isa = PBXFileReference; explicitFileType = wrapper.cfbundle; includeInIndex = 0; path = "AR BBallTests.xctest"; sourceTree = BUILT_PRODUCTS_DIR; };
		34A6B18F21DA1F8D0083D97E /* AR_BBallTests.swift */ = {isa = PBXFileReference; lastKnownFileType = sourcecode.swift; path = AR_BBallTests.swift; sourceTree = "<group>"; };
		34A6B19121DA1F8D0083D97E /* Info.plist */ = {isa = PBXFileReference; lastKnownFileType = text.plist.xml; path = Info.plist; sourceTree = "<group>"; };
		34A6B19621DA1F8D0083D97E /* AR BBallUITests.xctest */ = {isa = PBXFileReference; explicitFileType = wrapper.cfbundle; includeInIndex = 0; path = "AR BBallUITests.xctest"; sourceTree = BUILT_PRODUCTS_DIR; };
		34A6B19A21DA1F8D0083D97E /* AR_BBallUITests.swift */ = {isa = PBXFileReference; lastKnownFileType = sourcecode.swift; path = AR_BBallUITests.swift; sourceTree = "<group>"; };
		34A6B19C21DA1F8D0083D97E /* Info.plist */ = {isa = PBXFileReference; lastKnownFileType = text.plist.xml; path = Info.plist; sourceTree = "<group>"; };
		34A6B1A821DA26190083D97E /* AddGameObjects.swift */ = {isa = PBXFileReference; lastKnownFileType = sourcecode.swift; path = AddGameObjects.swift; sourceTree = "<group>"; };
/* End PBXFileReference section */

/* Begin PBXFrameworksBuildPhase section */
		34A6B17221DA1F8B0083D97E /* Frameworks */ = {
			isa = PBXFrameworksBuildPhase;
			buildActionMask = 2147483647;
			files = (
			);
			runOnlyForDeploymentPostprocessing = 0;
		};
		34A6B18821DA1F8D0083D97E /* Frameworks */ = {
			isa = PBXFrameworksBuildPhase;
			buildActionMask = 2147483647;
			files = (
			);
			runOnlyForDeploymentPostprocessing = 0;
		};
		34A6B19321DA1F8D0083D97E /* Frameworks */ = {
			isa = PBXFrameworksBuildPhase;
			buildActionMask = 2147483647;
			files = (
			);
			runOnlyForDeploymentPostprocessing = 0;
		};
/* End PBXFrameworksBuildPhase section */

/* Begin PBXGroup section */
		34A6B16C21DA1F8B0083D97E = {
			isa = PBXGroup;
			children = (
				34A6B17721DA1F8B0083D97E /* AR BBall */,
				34A6B18E21DA1F8D0083D97E /* AR BBallTests */,
				34A6B19921DA1F8D0083D97E /* AR BBallUITests */,
				34A6B17621DA1F8B0083D97E /* Products */,
			);
			sourceTree = "<group>";
		};
		34A6B17621DA1F8B0083D97E /* Products */ = {
			isa = PBXGroup;
			children = (
				34A6B17521DA1F8B0083D97E /* AR BBall.app */,
				34A6B18B21DA1F8D0083D97E /* AR BBallTests.xctest */,
				34A6B19621DA1F8D0083D97E /* AR BBallUITests.xctest */,
			);
			name = Products;
			sourceTree = "<group>";
		};
		34A6B17721DA1F8B0083D97E /* AR BBall */ = {
			isa = PBXGroup;
			children = (
				34A6B17821DA1F8B0083D97E /* AppDelegate.swift */,
				34A6B17A21DA1F8B0083D97E /* art.scnassets */,
				34A6B17C21DA1F8B0083D97E /* ViewController.swift */,
				34A6B17E21DA1F8B0083D97E /* Main.storyboard */,
				34A6B18121DA1F8D0083D97E /* Assets.xcassets */,
				34A6B18321DA1F8D0083D97E /* LaunchScreen.storyboard */,
				34A6B18621DA1F8D0083D97E /* Info.plist */,
				34A6B1A821DA26190083D97E /* AddGameObjects.swift */,
			);
			path = "AR BBall";
			sourceTree = "<group>";
		};
		34A6B18E21DA1F8D0083D97E /* AR BBallTests */ = {
			isa = PBXGroup;
			children = (
				34A6B18F21DA1F8D0083D97E /* AR_BBallTests.swift */,
				34A6B19121DA1F8D0083D97E /* Info.plist */,
			);
			path = "AR BBallTests";
			sourceTree = "<group>";
		};
		34A6B19921DA1F8D0083D97E /* AR BBallUITests */ = {
			isa = PBXGroup;
			children = (
				34A6B19A21DA1F8D0083D97E /* AR_BBallUITests.swift */,
				34A6B19C21DA1F8D0083D97E /* Info.plist */,
			);
			path = "AR BBallUITests";
			sourceTree = "<group>";
		};
/* End PBXGroup section */

/* Begin PBXNativeTarget section */
		34A6B17421DA1F8B0083D97E /* AR BBall */ = {
			isa = PBXNativeTarget;
			buildConfigurationList = 34A6B19F21DA1F8D0083D97E /* Build configuration list for PBXNativeTarget "AR BBall" */;
			buildPhases = (
				34A6B17121DA1F8B0083D97E /* Sources */,
				34A6B17221DA1F8B0083D97E /* Frameworks */,
				34A6B17321DA1F8B0083D97E /* Resources */,
			);
			buildRules = (
			);
			dependencies = (
			);
			name = "AR BBall";
			productName = "AR BBall";
			productReference = 34A6B17521DA1F8B0083D97E /* AR BBall.app */;
			productType = "com.apple.product-type.application";
		};
		34A6B18A21DA1F8D0083D97E /* AR BBallTests */ = {
			isa = PBXNativeTarget;
			buildConfigurationList = 34A6B1A221DA1F8D0083D97E /* Build configuration list for PBXNativeTarget "AR BBallTests" */;
			buildPhases = (
				34A6B18721DA1F8D0083D97E /* Sources */,
				34A6B18821DA1F8D0083D97E /* Frameworks */,
				34A6B18921DA1F8D0083D97E /* Resources */,
			);
			buildRules = (
			);
			dependencies = (
				34A6B18D21DA1F8D0083D97E /* PBXTargetDependency */,
			);
			name = "AR BBallTests";
			productName = "AR BBallTests";
			productReference = 34A6B18B21DA1F8D0083D97E /* AR BBallTests.xctest */;
			productType = "com.apple.product-type.bundle.unit-test";
		};
		34A6B19521DA1F8D0083D97E /* AR BBallUITests */ = {
			isa = PBXNativeTarget;
			buildConfigurationList = 34A6B1A521DA1F8D0083D97E /* Build configuration list for PBXNativeTarget "AR BBallUITests" */;
			buildPhases = (
				34A6B19221DA1F8D0083D97E /* Sources */,
				34A6B19321DA1F8D0083D97E /* Frameworks */,
				34A6B19421DA1F8D0083D97E /* Resources */,
			);
			buildRules = (
			);
			dependencies = (
				34A6B19821DA1F8D0083D97E /* PBXTargetDependency */,
			);
			name = "AR BBallUITests";
			productName = "AR BBallUITests";
			productReference = 34A6B19621DA1F8D0083D97E /* AR BBallUITests.xctest */;
			productType = "com.apple.product-type.bundle.ui-testing";
		};
/* End PBXNativeTarget section */

/* Begin PBXProject section */
		34A6B16D21DA1F8B0083D97E /* Project object */ = {
			isa = PBXProject;
			attributes = {
				LastSwiftUpdateCheck = 1010;
				LastUpgradeCheck = 1010;
				ORGANIZATIONNAME = "David Ilenwabor";
				TargetAttributes = {
					34A6B17421DA1F8B0083D97E = {
						CreatedOnToolsVersion = 10.1;
					};
					34A6B18A21DA1F8D0083D97E = {
						CreatedOnToolsVersion = 10.1;
						TestTargetID = 34A6B17421DA1F8B0083D97E;
					};
					34A6B19521DA1F8D0083D97E = {
						CreatedOnToolsVersion = 10.1;
						TestTargetID = 34A6B17421DA1F8B0083D97E;
					};
				};
			};
			buildConfigurationList = 34A6B17021DA1F8B0083D97E /* Build configuration list for PBXProject "AR BBall" */;
			compatibilityVersion = "Xcode 9.3";
			developmentRegion = en;
			hasScannedForEncodings = 0;
			knownRegions = (
				en,
				Base,
			);
			mainGroup = 34A6B16C21DA1F8B0083D97E;
			productRefGroup = 34A6B17621DA1F8B0083D97E /* Products */;
			projectDirPath = "";
			projectRoot = "";
			targets = (
				34A6B17421DA1F8B0083D97E /* AR BBall */,
				34A6B18A21DA1F8D0083D97E /* AR BBallTests */,
				34A6B19521DA1F8D0083D97E /* AR BBallUITests */,
			);
		};
/* End PBXProject section */

/* Begin PBXResourcesBuildPhase section */
		34A6B17321DA1F8B0083D97E /* Resources */ = {
			isa = PBXResourcesBuildPhase;
			buildActionMask = 2147483647;
			files = (
				34A6B17B21DA1F8B0083D97E /* art.scnassets in Resources */,
				34A6B18521DA1F8D0083D97E /* LaunchScreen.storyboard in Resources */,
				34A6B18221DA1F8D0083D97E /* Assets.xcassets in Resources */,
				34A6B18021DA1F8B0083D97E /* Main.storyboard in Resources */,
			);
			runOnlyForDeploymentPostprocessing = 0;
		};
		34A6B18921DA1F8D0083D97E /* Resources */ = {
			isa = PBXResourcesBuildPhase;
			buildActionMask = 2147483647;
			files = (
			);
			runOnlyForDeploymentPostprocessing = 0;
		};
		34A6B19421DA1F8D0083D97E /* Resources */ = {
			isa = PBXResourcesBuildPhase;
			buildActionMask = 2147483647;
			files = (
			);
			runOnlyForDeploymentPostprocessing = 0;
		};
/* End PBXResourcesBuildPhase section */

/* Begin PBXSourcesBuildPhase section */
		34A6B17121DA1F8B0083D97E /* Sources */ = {
			isa = PBXSourcesBuildPhase;
			buildActionMask = 2147483647;
			files = (
				34A6B1A921DA26190083D97E /* AddGameObjects.swift in Sources */,
				34A6B17D21DA1F8B0083D97E /* ViewController.swift in Sources */,
				34A6B17921DA1F8B0083D97E /* AppDelegate.swift in Sources */,
			);
			runOnlyForDeploymentPostprocessing = 0;
		};
		34A6B18721DA1F8D0083D97E /* Sources */ = {
			isa = PBXSourcesBuildPhase;
			buildActionMask = 2147483647;
			files = (
				34A6B19021DA1F8D0083D97E /* AR_BBallTests.swift in Sources */,
			);
			runOnlyForDeploymentPostprocessing = 0;
		};
		34A6B19221DA1F8D0083D97E /* Sources */ = {
			isa = PBXSourcesBuildPhase;
			buildActionMask = 2147483647;
			files = (
				34A6B19B21DA1F8D0083D97E /* AR_BBallUITests.swift in Sources */,
			);
			runOnlyForDeploymentPostprocessing = 0;
		};
/* End PBXSourcesBuildPhase section */

/* Begin PBXTargetDependency section */
		34A6B18D21DA1F8D0083D97E /* PBXTargetDependency */ = {
			isa = PBXTargetDependency;
			target = 34A6B17421DA1F8B0083D97E /* AR BBall */;
			targetProxy = 34A6B18C21DA1F8D0083D97E /* PBXContainerItemProxy */;
		};
		34A6B19821DA1F8D0083D97E /* PBXTargetDependency */ = {
			isa = PBXTargetDependency;
			target = 34A6B17421DA1F8B0083D97E /* AR BBall */;
			targetProxy = 34A6B19721DA1F8D0083D97E /* PBXContainerItemProxy */;
		};
/* End PBXTargetDependency section */

/* Begin PBXVariantGroup section */
		34A6B17E21DA1F8B0083D97E /* Main.storyboard */ = {
			isa = PBXVariantGroup;
			children = (
				34A6B17F21DA1F8B0083D97E /* Base */,
			);
			name = Main.storyboard;
			sourceTree = "<group>";
		};
		34A6B18321DA1F8D0083D97E /* LaunchScreen.storyboard */ = {
			isa = PBXVariantGroup;
			children = (
				34A6B18421DA1F8D0083D97E /* Base */,
			);
			name = LaunchScreen.storyboard;
			sourceTree = "<group>";
		};
/* End PBXVariantGroup section */

/* Begin XCBuildConfiguration section */
		34A6B19D21DA1F8D0083D97E /* Debug */ = {
			isa = XCBuildConfiguration;
			buildSettings = {
				ALWAYS_SEARCH_USER_PATHS = NO;
				CLANG_ANALYZER_NONNULL = YES;
				CLANG_ANALYZER_NUMBER_OBJECT_CONVERSION = YES_AGGRESSIVE;
				CLANG_CXX_LANGUAGE_STANDARD = "gnu++14";
				CLANG_CXX_LIBRARY = "libc++";
				CLANG_ENABLE_MODULES = YES;
				CLANG_ENABLE_OBJC_ARC = YES;
				CLANG_ENABLE_OBJC_WEAK = YES;
				CLANG_WARN_BLOCK_CAPTURE_AUTORELEASING = YES;
				CLANG_WARN_BOOL_CONVERSION = YES;
				CLANG_WARN_COMMA = YES;
				CLANG_WARN_CONSTANT_CONVERSION = YES;
				CLANG_WARN_DEPRECATED_OBJC_IMPLEMENTATIONS = YES;
				CLANG_WARN_DIRECT_OBJC_ISA_USAGE = YES_ERROR;
				CLANG_WARN_DOCUMENTATION_COMMENTS = YES;
				CLANG_WARN_EMPTY_BODY = YES;
				CLANG_WARN_ENUM_CONVERSION = YES;
				CLANG_WARN_INFINITE_RECURSION = YES;
				CLANG_WARN_INT_CONVERSION = YES;
				CLANG_WARN_NON_LITERAL_NULL_CONVERSION = YES;
				CLANG_WARN_OBJC_IMPLICIT_RETAIN_SELF = YES;
				CLANG_WARN_OBJC_LITERAL_CONVERSION = YES;
				CLANG_WARN_OBJC_ROOT_CLASS = YES_ERROR;
				CLANG_WARN_RANGE_LOOP_ANALYSIS = YES;
				CLANG_WARN_STRICT_PROTOTYPES = YES;
				CLANG_WARN_SUSPICIOUS_MOVE = YES;
				CLANG_WARN_UNGUARDED_AVAILABILITY = YES_AGGRESSIVE;
				CLANG_WARN_UNREACHABLE_CODE = YES;
				CLANG_WARN__DUPLICATE_METHOD_MATCH = YES;
				CODE_SIGN_IDENTITY = "iPhone Developer";
				COPY_PHASE_STRIP = NO;
				DEBUG_INFORMATION_FORMAT = dwarf;
				ENABLE_STRICT_OBJC_MSGSEND = YES;
				ENABLE_TESTABILITY = YES;
				GCC_C_LANGUAGE_STANDARD = gnu11;
				GCC_DYNAMIC_NO_PIC = NO;
				GCC_NO_COMMON_BLOCKS = YES;
				GCC_OPTIMIZATION_LEVEL = 0;
				GCC_PREPROCESSOR_DEFINITIONS = (
					"DEBUG=1",
					"$(inherited)",
				);
				GCC_WARN_64_TO_32_BIT_CONVERSION = YES;
				GCC_WARN_ABOUT_RETURN_TYPE = YES_ERROR;
				GCC_WARN_UNDECLARED_SELECTOR = YES;
				GCC_WARN_UNINITIALIZED_AUTOS = YES_AGGRESSIVE;
				GCC_WARN_UNUSED_FUNCTION = YES;
				GCC_WARN_UNUSED_VARIABLE = YES;
				IPHONEOS_DEPLOYMENT_TARGET = 12.1;
				MTL_ENABLE_DEBUG_INFO = INCLUDE_SOURCE;
				MTL_FAST_MATH = YES;
				ONLY_ACTIVE_ARCH = YES;
				SDKROOT = iphoneos;
				SWIFT_ACTIVE_COMPILATION_CONDITIONS = DEBUG;
				SWIFT_OPTIMIZATION_LEVEL = "-Onone";
			};
			name = Debug;
		};
		34A6B19E21DA1F8D0083D97E /* Release */ = {
			isa = XCBuildConfiguration;
			buildSettings = {
				ALWAYS_SEARCH_USER_PATHS = NO;
				CLANG_ANALYZER_NONNULL = YES;
				CLANG_ANALYZER_NUMBER_OBJECT_CONVERSION = YES_AGGRESSIVE;
				CLANG_CXX_LANGUAGE_STANDARD = "gnu++14";
				CLANG_CXX_LIBRARY = "libc++";
				CLANG_ENABLE_MODULES = YES;
				CLANG_ENABLE_OBJC_ARC = YES;
				CLANG_ENABLE_OBJC_WEAK = YES;
				CLANG_WARN_BLOCK_CAPTURE_AUTORELEASING = YES;
				CLANG_WARN_BOOL_CONVERSION = YES;
				CLANG_WARN_COMMA = YES;
				CLANG_WARN_CONSTANT_CONVERSION = YES;
				CLANG_WARN_DEPRECATED_OBJC_IMPLEMENTATIONS = YES;
				CLANG_WARN_DIRECT_OBJC_ISA_USAGE = YES_ERROR;
				CLANG_WARN_DOCUMENTATION_COMMENTS = YES;
				CLANG_WARN_EMPTY_BODY = YES;
				CLANG_WARN_ENUM_CONVERSION = YES;
				CLANG_WARN_INFINITE_RECURSION = YES;
				CLANG_WARN_INT_CONVERSION = YES;
				CLANG_WARN_NON_LITERAL_NULL_CONVERSION = YES;
				CLANG_WARN_OBJC_IMPLICIT_RETAIN_SELF = YES;
				CLANG_WARN_OBJC_LITERAL_CONVERSION = YES;
				CLANG_WARN_OBJC_ROOT_CLASS = YES_ERROR;
				CLANG_WARN_RANGE_LOOP_ANALYSIS = YES;
				CLANG_WARN_STRICT_PROTOTYPES = YES;
				CLANG_WARN_SUSPICIOUS_MOVE = YES;
				CLANG_WARN_UNGUARDED_AVAILABILITY = YES_AGGRESSIVE;
				CLANG_WARN_UNREACHABLE_CODE = YES;
				CLANG_WARN__DUPLICATE_METHOD_MATCH = YES;
				CODE_SIGN_IDENTITY = "iPhone Developer";
				COPY_PHASE_STRIP = NO;
				DEBUG_INFORMATION_FORMAT = "dwarf-with-dsym";
				ENABLE_NS_ASSERTIONS = NO;
				ENABLE_STRICT_OBJC_MSGSEND = YES;
				GCC_C_LANGUAGE_STANDARD = gnu11;
				GCC_NO_COMMON_BLOCKS = YES;
				GCC_WARN_64_TO_32_BIT_CONVERSION = YES;
				GCC_WARN_ABOUT_RETURN_TYPE = YES_ERROR;
				GCC_WARN_UNDECLARED_SELECTOR = YES;
				GCC_WARN_UNINITIALIZED_AUTOS = YES_AGGRESSIVE;
				GCC_WARN_UNUSED_FUNCTION = YES;
				GCC_WARN_UNUSED_VARIABLE = YES;
				IPHONEOS_DEPLOYMENT_TARGET = 12.1;
				MTL_ENABLE_DEBUG_INFO = NO;
				MTL_FAST_MATH = YES;
				SDKROOT = iphoneos;
				SWIFT_COMPILATION_MODE = wholemodule;
				SWIFT_OPTIMIZATION_LEVEL = "-O";
				VALIDATE_PRODUCT = YES;
			};
			name = Release;
		};
		34A6B1A021DA1F8D0083D97E /* Debug */ = {
			isa = XCBuildConfiguration;
			buildSettings = {
				ASSETCATALOG_COMPILER_APPICON_NAME = AppIcon;
				CODE_SIGN_STYLE = Automatic;
				DEVELOPMENT_TEAM = A8SA62ZA26;
				INFOPLIST_FILE = "AR BBall/Info.plist";
				IPHONEOS_DEPLOYMENT_TARGET = 11.0;
				LD_RUNPATH_SEARCH_PATHS = (
					"$(inherited)",
					"@executable_path/Frameworks",
				);
				PRODUCT_BUNDLE_IDENTIFIER = "com.Demistry.AR-BBall";
				PRODUCT_NAME = "$(TARGET_NAME)";
				SWIFT_VERSION = 4.2;
				TARGETED_DEVICE_FAMILY = 1;
			};
			name = Debug;
		};
		34A6B1A121DA1F8D0083D97E /* Release */ = {
			isa = XCBuildConfiguration;
			buildSettings = {
				ASSETCATALOG_COMPILER_APPICON_NAME = AppIcon;
				CODE_SIGN_STYLE = Automatic;
				DEVELOPMENT_TEAM = A8SA62ZA26;
				INFOPLIST_FILE = "AR BBall/Info.plist";
				IPHONEOS_DEPLOYMENT_TARGET = 11.0;
				LD_RUNPATH_SEARCH_PATHS = (
					"$(inherited)",
					"@executable_path/Frameworks",
				);
				PRODUCT_BUNDLE_IDENTIFIER = "com.Demistry.AR-BBall";
				PRODUCT_NAME = "$(TARGET_NAME)";
				SWIFT_VERSION = 4.2;
				TARGETED_DEVICE_FAMILY = 1;
			};
			name = Release;
		};
		34A6B1A321DA1F8D0083D97E /* Debug */ = {
			isa = XCBuildConfiguration;
			buildSettings = {
				ALWAYS_EMBED_SWIFT_STANDARD_LIBRARIES = YES;
				BUNDLE_LOADER = "$(TEST_HOST)";
				CODE_SIGN_STYLE = Automatic;
				DEVELOPMENT_TEAM = A8SA62ZA26;
				INFOPLIST_FILE = "AR BBallTests/Info.plist";
				LD_RUNPATH_SEARCH_PATHS = (
					"$(inherited)",
					"@executable_path/Frameworks",
					"@loader_path/Frameworks",
				);
				PRODUCT_BUNDLE_IDENTIFIER = "com.Demistry.AR-BBallTests";
				PRODUCT_NAME = "$(TARGET_NAME)";
				SWIFT_VERSION = 4.2;
				TARGETED_DEVICE_FAMILY = "1,2";
				TEST_HOST = "$(BUILT_PRODUCTS_DIR)/AR BBall.app/AR BBall";
			};
			name = Debug;
		};
		34A6B1A421DA1F8D0083D97E /* Release */ = {
			isa = XCBuildConfiguration;
			buildSettings = {
				ALWAYS_EMBED_SWIFT_STANDARD_LIBRARIES = YES;
				BUNDLE_LOADER = "$(TEST_HOST)";
				CODE_SIGN_STYLE = Automatic;
				DEVELOPMENT_TEAM = A8SA62ZA26;
				INFOPLIST_FILE = "AR BBallTests/Info.plist";
				LD_RUNPATH_SEARCH_PATHS = (
					"$(inherited)",
					"@executable_path/Frameworks",
					"@loader_path/Frameworks",
				);
				PRODUCT_BUNDLE_IDENTIFIER = "com.Demistry.AR-BBallTests";
				PRODUCT_NAME = "$(TARGET_NAME)";
				SWIFT_VERSION = 4.2;
				TARGETED_DEVICE_FAMILY = "1,2";
				TEST_HOST = "$(BUILT_PRODUCTS_DIR)/AR BBall.app/AR BBall";
			};
			name = Release;
		};
		34A6B1A621DA1F8D0083D97E /* Debug */ = {
			isa = XCBuildConfiguration;
			buildSettings = {
				ALWAYS_EMBED_SWIFT_STANDARD_LIBRARIES = YES;
				CODE_SIGN_STYLE = Automatic;
				DEVELOPMENT_TEAM = A8SA62ZA26;
				INFOPLIST_FILE = "AR BBallUITests/Info.plist";
				LD_RUNPATH_SEARCH_PATHS = (
					"$(inherited)",
					"@executable_path/Frameworks",
					"@loader_path/Frameworks",
				);
				PRODUCT_BUNDLE_IDENTIFIER = "com.Demistry.AR-BBallUITests";
				PRODUCT_NAME = "$(TARGET_NAME)";
				SWIFT_VERSION = 4.2;
				TARGETED_DEVICE_FAMILY = "1,2";
				TEST_TARGET_NAME = "AR BBall";
			};
			name = Debug;
		};
		34A6B1A721DA1F8D0083D97E /* Release */ = {
			isa = XCBuildConfiguration;
			buildSettings = {
				ALWAYS_EMBED_SWIFT_STANDARD_LIBRARIES = YES;
				CODE_SIGN_STYLE = Automatic;
				DEVELOPMENT_TEAM = A8SA62ZA26;
				INFOPLIST_FILE = "AR BBallUITests/Info.plist";
				LD_RUNPATH_SEARCH_PATHS = (
					"$(inherited)",
					"@executable_path/Frameworks",
					"@loader_path/Frameworks",
				);
				PRODUCT_BUNDLE_IDENTIFIER = "com.Demistry.AR-BBallUITests";
				PRODUCT_NAME = "$(TARGET_NAME)";
				SWIFT_VERSION = 4.2;
				TARGETED_DEVICE_FAMILY = "1,2";
				TEST_TARGET_NAME = "AR BBall";
			};
			name = Release;
		};
/* End XCBuildConfiguration section */

/* Begin XCConfigurationList section */
		34A6B17021DA1F8B0083D97E /* Build configuration list for PBXProject "AR BBall" */ = {
			isa = XCConfigurationList;
			buildConfigurations = (
				34A6B19D21DA1F8D0083D97E /* Debug */,
				34A6B19E21DA1F8D0083D97E /* Release */,
			);
			defaultConfigurationIsVisible = 0;
			defaultConfigurationName = Release;
		};
		34A6B19F21DA1F8D0083D97E /* Build configuration list for PBXNativeTarget "AR BBall" */ = {
			isa = XCConfigurationList;
			buildConfigurations = (
				34A6B1A021DA1F8D0083D97E /* Debug */,
				34A6B1A121DA1F8D0083D97E /* Release */,
			);
			defaultConfigurationIsVisible = 0;
			defaultConfigurationName = Release;
		};
		34A6B1A221DA1F8D0083D97E /* Build configuration list for PBXNativeTarget "AR BBallTests" */ = {
			isa = XCConfigurationList;
			buildConfigurations = (
				34A6B1A321DA1F8D0083D97E /* Debug */,
				34A6B1A421DA1F8D0083D97E /* Release */,
			);
			defaultConfigurationIsVisible = 0;
			defaultConfigurationName = Release;
		};
		34A6B1A521DA1F8D0083D97E /* Build configuration list for PBXNativeTarget "AR BBallUITests" */ = {
			isa = XCConfigurationList;
			buildConfigurations = (
				34A6B1A621DA1F8D0083D97E /* Debug */,
				34A6B1A721DA1F8D0083D97E /* Release */,
			);
			defaultConfigurationIsVisible = 0;
			defaultConfigurationName = Release;
		};
/* End XCConfigurationList section */
	};
	rootObject = 34A6B16D21DA1F8B0083D97E /* Project object */;
}
